
Microsoft Visual Studio Solution File, Format Version 12.00
# Visual Studio Version 16
VisualStudioVersion = 16.0.29911.84
MinimumVisualStudioVersion = 10.0.40219.1
Project("{FAE04EC0-301F-11D3-BF4B-00C04F79EFBC}") = "Copygram.UWP", "Copygram\Copygram.UWP\Copygram.UWP.csproj", "{38EC74FC-A7BE-4A8E-A594-01EDACF1041E}"
EndProject
Project("{FAE04EC0-301F-11D3-BF4B-00C04F79EFBC}") = "Copygram.Android", "Copygram\Copygram.Android\Copygram.Android.csproj", "{7E285A78-3C55-4A5E-9B4F-DE309917E479}"
EndProject
Project("{FAE04EC0-301F-11D3-BF4B-00C04F79EFBC}") = "Copygram.iOS", "Copygram\Copygram.iOS\Copygram.iOS.csproj", "{27DC7A08-5E0C-4C4B-B4C7-7E2B90CADDB5}"
EndProject
Project("{FAE04EC0-301F-11D3-BF4B-00C04F79EFBC}") = "Copygram", "Copygram\Copygram\Copygram.csproj", "{C20FBCF1-023F-44E0-AE02-22B0A81D7563}"
EndProject
Global
	GlobalSection(SolutionConfigurationPlatforms) = preSolution
		Debug|Any CPU = Debug|Any CPU
		Debug|ARM = Debug|ARM
		Debug|iPhone = Debug|iPhone
		Debug|iPhoneSimulator = Debug|iPhoneSimulator
		Debug|x64 = Debug|x64
		Debug|x86 = Debug|x86
		Release|Any CPU = Release|Any CPU
		Release|ARM = Release|ARM
		Release|iPhone = Release|iPhone
		Release|iPhoneSimulator = Release|iPhoneSimulator
		Release|x64 = Release|x64
		Release|x86 = Release|x86
	EndGlobalSection
	GlobalSection(ProjectConfigurationPlatforms) = postSolution
		{38EC74FC-A7BE-4A8E-A594-01EDACF1041E}.Debug|Any CPU.ActiveCfg = Debug|x86
		{38EC74FC-A7BE-4A8E-A594-01EDACF1041E}.Debug|Any CPU.Build.0 = Debug|x86
		{38EC74FC-A7BE-4A8E-A594-01EDACF1041E}.Debug|Any CPU.Deploy.0 = Debug|x86
		{38EC74FC-A7BE-4A8E-A594-01EDACF1041E}.Debug|ARM.ActiveCfg = Debug|ARM
		{38EC74FC-A7BE-4A8E-A594-01EDACF1041E}.Debug|ARM.Build.0 = Debug|ARM
		{38EC74FC-A7BE-4A8E-A594-01EDACF1041E}.Debug|ARM.Deploy.0 = Debug|ARM
		{38EC74FC-A7BE-4A8E-A594-01EDACF1041E}.Debug|iPhone.ActiveCfg = Debug|x86
		{38EC74FC-A7BE-4A8E-A594-01EDACF1041E}.Debug|iPhone.Build.0 = Debug|x86
		{38EC74FC-A7BE-4A8E-A594-01EDACF1041E}.Debug|iPhone.Deploy.0 = Debug|x86
		{38EC74FC-A7BE-4A8E-A594-01EDACF1041E}.Debug|iPhoneSimulator.ActiveCfg = Debug|x86
		{38EC74FC-A7BE-4A8E-A594-01EDACF1041E}.Debug|iPhoneSimulator.Build.0 = Debug|x86
		{38EC74FC-A7BE-4A8E-A594-01EDACF1041E}.Debug|iPhoneSimulator.Deploy.0 = Debug|x86
		{38EC74FC-A7BE-4A8E-A594-01EDACF1041E}.Debug|x64.ActiveCfg = Debug|x64
		{38EC74FC-A7BE-4A8E-A594-01EDACF1041E}.Debug|x64.Build.0 = Debug|x64
		{38EC74FC-A7BE-4A8E-A594-01EDACF1041E}.Debug|x64.Deploy.0 = Debug|x64
		{38EC74FC-A7BE-4A8E-A594-01EDACF1041E}.Debug|x86.ActiveCfg = Debug|x86
		{38EC74FC-A7BE-4A8E-A594-01EDACF1041E}.Debug|x86.Build.0 = Debug|x86
		{38EC74FC-A7BE-4A8E-A594-01EDACF1041E}.Debug|x86.Deploy.0 = Debug|x86
		{38EC74FC-A7BE-4A8E-A594-01EDACF1041E}.Release|Any CPU.ActiveCfg = Release|x86
		{38EC74FC-A7BE-4A8E-A594-01EDACF1041E}.Release|Any CPU.Build.0 = Release|x86
		{38EC74FC-A7BE-4A8E-A594-01EDACF1041E}.Release|Any CPU.Deploy.0 = Release|x86
		{38EC74FC-A7BE-4A8E-A594-01EDACF1041E}.Release|ARM.ActiveCfg = Release|ARM
		{38EC74FC-A7BE-4A8E-A594-01EDACF1041E}.Release|ARM.Build.0 = Release|ARM
		{38EC74FC-A7BE-4A8E-A594-01EDACF1041E}.Release|ARM.Deploy.0 = Release|ARM
		{38EC74FC-A7BE-4A8E-A594-01EDACF1041E}.Release|iPhone.ActiveCfg = Release|x86
		{38EC74FC-A7BE-4A8E-A594-01EDACF1041E}.Release|iPhone.Build.0 = Release|x86
		{38EC74FC-A7BE-4A8E-A594-01EDACF1041E}.Release|iPhone.Deploy.0 = Release|x86
		{38EC74FC-A7BE-4A8E-A594-01EDACF1041E}.Release|iPhoneSimulator.ActiveCfg = Release|x86
		{38EC74FC-A7BE-4A8E-A594-01EDACF1041E}.Release|iPhoneSimulator.Build.0 = Release|x86
		{38EC74FC-A7BE-4A8E-A594-01EDACF1041E}.Release|iPhoneSimulator.Deploy.0 = Release|x86
		{38EC74FC-A7BE-4A8E-A594-01EDACF1041E}.Release|x64.ActiveCfg = Release|x64
		{38EC74FC-A7BE-4A8E-A594-01EDACF1041E}.Release|x64.Build.0 = Release|x64
		{38EC74FC-A7BE-4A8E-A594-01EDACF1041E}.Release|x64.Deploy.0 = Release|x64
		{38EC74FC-A7BE-4A8E-A594-01EDACF1041E}.Release|x86.ActiveCfg = Release|x86
		{38EC74FC-A7BE-4A8E-A594-01EDACF1041E}.Release|x86.Build.0 = Release|x86
		{38EC74FC-A7BE-4A8E-A594-01EDACF1041E}.Release|x86.Deploy.0 = Release|x86
		{7E285A78-3C55-4A5E-9B4F-DE309917E479}.Debug|Any CPU.ActiveCfg = Debug|Any CPU
		{7E285A78-3C55-4A5E-9B4F-DE309917E479}.Debug|Any CPU.Build.0 = Debug|Any CPU
		{7E285A78-3C55-4A5E-9B4F-DE309917E479}.Debug|Any CPU.Deploy.0 = Debug|Any CPU
		{7E285A78-3C55-4A5E-9B4F-DE309917E479}.Debug|ARM.ActiveCfg = Debug|Any CPU
		{7E285A78-3C55-4A5E-9B4F-DE309917E479}.Debug|ARM.Build.0 = Debug|Any CPU
		{7E285A78-3C55-4A5E-9B4F-DE309917E479}.Debug|ARM.Deploy.0 = Debug|Any CPU
		{7E285A78-3C55-4A5E-9B4F-DE309917E479}.Debug|iPhone.ActiveCfg = Debug|Any CPU
		{7E285A78-3C55-4A5E-9B4F-DE309917E479}.Debug|iPhone.Build.0 = Debug|Any CPU
		{7E285A78-3C55-4A5E-9B4F-DE309917E479}.Debug|iPhone.Deploy.0 = Debug|Any CPU
		{7E285A78-3C55-4A5E-9B4F-DE309917E479}.Debug|iPhoneSimulator.ActiveCfg = Debug|Any CPU
		{7E285A78-3C55-4A5E-9B4F-DE309917E479}.Debug|iPhoneSimulator.Build.0 = Debug|Any CPU
		{7E285A78-3C55-4A5E-9B4F-DE309917E479}.Debug|iPhoneSimulator.Deploy.0 = Debug|Any CPU
		{7E285A78-3C55-4A5E-9B4F-DE309917E479}.Debug|x64.ActiveCfg = Debug|Any CPU
		{7E285A78-3C55-4A5E-9B4F-DE309917E479}.Debug|x64.Build.0 = Debug|Any CPU
		{7E285A78-3C55-4A5E-9B4F-DE309917E479}.Debug|x64.Deploy.0 = Debug|Any CPU
		{7E285A78-3C55-4A5E-9B4F-DE309917E479}.Debug|x86.ActiveCfg = Debug|Any CPU
		{7E285A78-3C55-4A5E-9B4F-DE309917E479}.Debug|x86.Build.0 = Debug|Any CPU
		{7E285A78-3C55-4A5E-9B4F-DE309917E479}.Debug|x86.Deploy.0 = Debug|Any CPU
		{7E285A78-3C55-4A5E-9B4F-DE309917E479}.Release|Any CPU.ActiveCfg = Release|Any CPU
		{7E285A78-3C55-4A5E-9B4F-DE309917E479}.Release|Any CPU.Build.0 = Release|Any CPU
		{7E285A78-3C55-4A5E-9B4F-DE309917E479}.Release|Any CPU.Deploy.0 = Release|Any CPU
		{7E285A78-3C55-4A5E-9B4F-DE309917E479}.Release|ARM.ActiveCfg = Release|Any CPU
		{7E285A78-3C55-4A5E-9B4F-DE309917E479}.Release|ARM.Build.0 = Release|Any CPU
		{7E285A78-3C55-4A5E-9B4F-DE309917E479}.Release|ARM.Deploy.0 = Release|Any CPU
		{7E285A78-3C55-4A5E-9B4F-DE309917E479}.Release|iPhone.ActiveCfg = Release|Any CPU
		{7E285A78-3C55-4A5E-9B4F-DE309917E479}.Release|iPhone.Build.0 = Release|Any CPU
		{7E285A78-3C55-4A5E-9B4F-DE309917E479}.Release|iPhone.Deploy.0 = Release|Any CPU
		{7E285A78-3C55-4A5E-9B4F-DE309917E479}.Release|iPhoneSimulator.ActiveCfg = Release|Any CPU
		{7E285A78-3C55-4A5E-9B4F-DE309917E479}.Release|iPhoneSimulator.Build.0 = Release|Any CPU
		{7E285A78-3C55-4A5E-9B4F-DE309917E479}.Release|iPhoneSimulator.Deploy.0 = Release|Any CPU
		{7E285A78-3C55-4A5E-9B4F-DE309917E479}.Release|x64.ActiveCfg = Release|Any CPU
		{7E285A78-3C55-4A5E-9B4F-DE309917E479}.Release|x64.Build.0 = Release|Any CPU
		{7E285A78-3C55-4A5E-9B4F-DE309917E479}.Release|x64.Deploy.0 = Release|Any CPU
		{7E285A78-3C55-4A5E-9B4F-DE309917E479}.Release|x86.ActiveCfg = Release|Any CPU
		{7E285A78-3C55-4A5E-9B4F-DE309917E479}.Release|x86.Build.0 = Release|Any CPU
		{7E285A78-3C55-4A5E-9B4F-DE309917E479}.Release|x86.Deploy.0 = Release|Any CPU
		{27DC7A08-5E0C-4C4B-B4C7-7E2B90CADDB5}.Debug|Any CPU.ActiveCfg = Debug|iPhone
		{27DC7A08-5E0C-4C4B-B4C7-7E2B90CADDB5}.Debug|Any CPU.Build.0 = Debug|iPhone
		{27DC7A08-5E0C-4C4B-B4C7-7E2B90CADDB5}.Debug|Any CPU.Deploy.0 = Debug|iPhone
		{27DC7A08-5E0C-4C4B-B4C7-7E2B90CADDB5}.Debug|ARM.ActiveCfg = Debug|iPhone
		{27DC7A08-5E0C-4C4B-B4C7-7E2B90CADDB5}.Debug|ARM.Build.0 = Debug|iPhone
		{27DC7A08-5E0C-4C4B-B4C7-7E2B90CADDB5}.Debug|ARM.Deploy.0 = Debug|iPhone
		{27DC7A08-5E0C-4C4B-B4C7-7E2B90CADDB5}.Debug|iPhone.ActiveCfg = Debug|iPhone
		{27DC7A08-5E0C-4C4B-B4C7-7E2B90CADDB5}.Debug|iPhone.Build.0 = Debug|iPhone
		{27DC7A08-5E0C-4C4B-B4C7-7E2B90CADDB5}.Debug|iPhone.Deploy.0 = Debug|iPhone
		{27DC7A08-5E0C-4C4B-B4C7-7E2B90CADDB5}.Debug|iPhoneSimulator.ActiveCfg = Debug|iPhoneSimulator
		{27DC7A08-5E0C-4C4B-B4C7-7E2B90CADDB5}.Debug|iPhoneSimulator.Build.0 = Debug|iPhoneSimulator
		{27DC7A08-5E0C-4C4B-B4C7-7E2B90CADDB5}.Debug|iPhoneSimulator.Deploy.0 = Debug|iPhoneSimulator
		{27DC7A08-5E0C-4C4B-B4C7-7E2B90CADDB5}.Debug|x64.ActiveCfg = Debug|iPhone
		{27DC7A08-5E0C-4C4B-B4C7-7E2B90CADDB5}.Debug|x64.Build.0 = Debug|iPhone
		{27DC7A08-5E0C-4C4B-B4C7-7E2B90CADDB5}.Debug|x64.Deploy.0 = Debug|iPhone
		{27DC7A08-5E0C-4C4B-B4C7-7E2B90CADDB5}.Debug|x86.ActiveCfg = Debug|iPhone
		{27DC7A08-5E0C-4C4B-B4C7-7E2B90CADDB5}.Debug|x86.Build.0 = Debug|iPhone
		{27DC7A08-5E0C-4C4B-B4C7-7E2B90CADDB5}.Debug|x86.Deploy.0 = Debug|iPhone
		{27DC7A08-5E0C-4C4B-B4C7-7E2B90CADDB5}.Release|Any CPU.ActiveCfg = Release|iPhone
		{27DC7A08-5E0C-4C4B-B4C7-7E2B90CADDB5}.Release|Any CPU.Build.0 = Release|iPhone
		{27DC7A08-5E0C-4C4B-B4C7-7E2B90CADDB5}.Release|Any CPU.Deploy.0 = Release|iPhone
		{27DC7A08-5E0C-4C4B-B4C7-7E2B90CADDB5}.Release|ARM.ActiveCfg = Release|iPhone
		{27DC7A08-5E0C-4C4B-B4C7-7E2B90CADDB5}.Release|ARM.Build.0 = Release|iPhone
		{27DC7A08-5E0C-4C4B-B4C7-7E2B90CADDB5}.Release|ARM.Deploy.0 = Release|iPhone
		{27DC7A08-5E0C-4C4B-B4C7-7E2B90CADDB5}.Release|iPhone.ActiveCfg = Release|iPhone
		{27DC7A08-5E0C-4C4B-B4C7-7E2B90CADDB5}.Release|iPhone.Build.0 = Release|iPhone
		{27DC7A08-5E0C-4C4B-B4C7-7E2B90CADDB5}.Release|iPhone.Deploy.0 = Release|iPhone
		{27DC7A08-5E0C-4C4B-B4C7-7E2B90CADDB5}.Release|iPhoneSimulator.ActiveCfg = Release|iPhoneSimulator
		{27DC7A08-5E0C-4C4B-B4C7-7E2B90CADDB5}.Release|iPhoneSimulator.Build.0 = Release|iPhoneSimulator
		{27DC7A08-5E0C-4C4B-B4C7-7E2B90CADDB5}.Release|iPhoneSimulator.Deploy.0 = Release|iPhoneSimulator
		{27DC7A08-5E0C-4C4B-B4C7-7E2B90CADDB5}.Release|x64.ActiveCfg = Release|iPhone
		{27DC7A08-5E0C-4C4B-B4C7-7E2B90CADDB5}.Release|x64.Build.0 = Release|iPhone
		{27DC7A08-5E0C-4C4B-B4C7-7E2B90CADDB5}.Release|x64.Deploy.0 = Release|iPhone
		{27DC7A08-5E0C-4C4B-B4C7-7E2B90CADDB5}.Release|x86.ActiveCfg = Release|iPhone
		{27DC7A08-5E0C-4C4B-B4C7-7E2B90CADDB5}.Release|x86.Build.0 = Release|iPhone
		{27DC7A08-5E0C-4C4B-B4C7-7E2B90CADDB5}.Release|x86.Deploy.0 = Release|iPhone
		{C20FBCF1-023F-44E0-AE02-22B0A81D7563}.Debug|Any CPU.ActiveCfg = Debug|Any CPU
		{C20FBCF1-023F-44E0-AE02-22B0A81D7563}.Debug|Any CPU.Build.0 = Debug|Any CPU
		{C20FBCF1-023F-44E0-AE02-22B0A81D7563}.Debug|Any CPU.Deploy.0 = Debug|Any CPU
		{C20FBCF1-023F-44E0-AE02-22B0A81D7563}.Debug|ARM.ActiveCfg = Debug|Any CPU
		{C20FBCF1-023F-44E0-AE02-22B0A81D7563}.Debug|ARM.Build.0 = Debug|Any CPU
		{C20FBCF1-023F-44E0-AE02-22B0A81D7563}.Debug|ARM.Deploy.0 = Debug|Any CPU
		{C20FBCF1-023F-44E0-AE02-22B0A81D7563}.Debug|iPhone.ActiveCfg = Debug|Any CPU
		{C20FBCF1-023F-44E0-AE02-22B0A81D7563}.Debug|iPhone.Build.0 = Debug|Any CPU
		{C20FBCF1-023F-44E0-AE02-22B0A81D7563}.Debug|iPhone.Deploy.0 = Debug|Any CPU
		{C20FBCF1-023F-44E0-AE02-22B0A81D7563}.Debug|iPhoneSimulator.ActiveCfg = Debug|Any CPU
		{C20FBCF1-023F-44E0-AE02-22B0A81D7563}.Debug|iPhoneSimulator.Build.0 = Debug|Any CPU
		{C20FBCF1-023F-44E0-AE02-22B0A81D7563}.Debug|iPhoneSimulator.Deploy.0 = Debug|Any CPU
		{C20FBCF1-023F-44E0-AE02-22B0A81D7563}.Debug|x64.ActiveCfg = Debug|Any CPU
		{C20FBCF1-023F-44E0-AE02-22B0A81D7563}.Debug|x64.Build.0 = Debug|Any CPU
		{C20FBCF1-023F-44E0-AE02-22B0A81D7563}.Debug|x64.Deploy.0 = Debug|Any CPU
		{C20FBCF1-023F-44E0-AE02-22B0A81D7563}.Debug|x86.ActiveCfg = Debug|Any CPU
		{C20FBCF1-023F-44E0-AE02-22B0A81D7563}.Debug|x86.Build.0 = Debug|Any CPU
		{C20FBCF1-023F-44E0-AE02-22B0A81D7563}.Debug|x86.Deploy.0 = Debug|Any CPU
		{C20FBCF1-023F-44E0-AE02-22B0A81D7563}.Release|Any CPU.ActiveCfg = Release|Any CPU
		{C20FBCF1-023F-44E0-AE02-22B0A81D7563}.Release|Any CPU.Build.0 = Release|Any CPU
		{C20FBCF1-023F-44E0-AE02-22B0A81D7563}.Release|Any CPU.Deploy.0 = Release|Any CPU
		{C20FBCF1-023F-44E0-AE02-22B0A81D7563}.Release|ARM.ActiveCfg = Release|Any CPU
		{C20FBCF1-023F-44E0-AE02-22B0A81D7563}.Release|ARM.Build.0 = Release|Any CPU
		{C20FBCF1-023F-44E0-AE02-22B0A81D7563}.Release|ARM.Deploy.0 = Release|Any CPU
		{C20FBCF1-023F-44E0-AE02-22B0A81D7563}.Release|iPhone.ActiveCfg = Release|Any CPU
		{C20FBCF1-023F-44E0-AE02-22B0A81D7563}.Release|iPhone.Build.0 = Release|Any CPU
		{C20FBCF1-023F-44E0-AE02-22B0A81D7563}.Release|iPhone.Deploy.0 = Release|Any CPU
		{C20FBCF1-023F-44E0-AE02-22B0A81D7563}.Release|iPhoneSimulator.ActiveCfg = Release|Any CPU
		{C20FBCF1-023F-44E0-AE02-22B0A81D7563}.Release|iPhoneSimulator.Build.0 = Release|Any CPU
		{C20FBCF1-023F-44E0-AE02-22B0A81D7563}.Release|iPhoneSimulator.Deploy.0 = Release|Any CPU
		{C20FBCF1-023F-44E0-AE02-22B0A81D7563}.Release|x64.ActiveCfg = Release|Any CPU
		{C20FBCF1-023F-44E0-AE02-22B0A81D7563}.Release|x64.Build.0 = Release|Any CPU
		{C20FBCF1-023F-44E0-AE02-22B0A81D7563}.Release|x64.Deploy.0 = Release|Any CPU
		{C20FBCF1-023F-44E0-AE02-22B0A81D7563}.Release|x86.ActiveCfg = Release|Any CPU
		{C20FBCF1-023F-44E0-AE02-22B0A81D7563}.Release|x86.Build.0 = Release|Any CPU
		{C20FBCF1-023F-44E0-AE02-22B0A81D7563}.Release|x86.Deploy.0 = Release|Any CPU
	EndGlobalSection
	GlobalSection(SolutionProperties) = preSolution
		HideSolutionNode = FALSE
	EndGlobalSection
	GlobalSection(ExtensibilityGlobals) = postSolution
		SolutionGuid = {2157D34E-B2BE-47D7-B238-89FDF8E135B6}
	EndGlobalSection
EndGlobal
