
Microsoft Visual Studio Solution File, Format Version 12.00
# Visual Studio Version 16
VisualStudioVersion = 16.0.29709.97
MinimumVisualStudioVersion = 10.0.40219.1
Project("{FAE04EC0-301F-11D3-BF4B-00C04F79EFBC}") = "test.Android", "test\test.Android\test.Android.csproj", "{7B7F6ACB-8C86-402C-9860-AA15A1984C7A}"
EndProject
Project("{FAE04EC0-301F-11D3-BF4B-00C04F79EFBC}") = "test.iOS", "test\test.iOS\test.iOS.csproj", "{6A1F27C8-E34B-47A6-B8AB-29852BC7FA34}"
EndProject
Project("{FAE04EC0-301F-11D3-BF4B-00C04F79EFBC}") = "test", "test\test\test.csproj", "{2CB534FC-E6EE-496F-A817-986D192574BF}"
EndProject
Global
	GlobalSection(SolutionConfigurationPlatforms) = preSolution
		Debug|Any CPU = Debug|Any CPU
		Debug|iPhone = Debug|iPhone
		Debug|iPhoneSimulator = Debug|iPhoneSimulator
		Release|Any CPU = Release|Any CPU
		Release|iPhone = Release|iPhone
		Release|iPhoneSimulator = Release|iPhoneSimulator
	EndGlobalSection
	GlobalSection(ProjectConfigurationPlatforms) = postSolution
		{7B7F6ACB-8C86-402C-9860-AA15A1984C7A}.Debug|Any CPU.ActiveCfg = Debug|Any CPU
		{7B7F6ACB-8C86-402C-9860-AA15A1984C7A}.Debug|Any CPU.Build.0 = Debug|Any CPU
		{7B7F6ACB-8C86-402C-9860-AA15A1984C7A}.Debug|Any CPU.Deploy.0 = Debug|Any CPU
		{7B7F6ACB-8C86-402C-9860-AA15A1984C7A}.Debug|iPhone.ActiveCfg = Debug|Any CPU
		{7B7F6ACB-8C86-402C-9860-AA15A1984C7A}.Debug|iPhone.Build.0 = Debug|Any CPU
		{7B7F6ACB-8C86-402C-9860-AA15A1984C7A}.Debug|iPhone.Deploy.0 = Debug|Any CPU
		{7B7F6ACB-8C86-402C-9860-AA15A1984C7A}.Debug|iPhoneSimulator.ActiveCfg = Debug|Any CPU
		{7B7F6ACB-8C86-402C-9860-AA15A1984C7A}.Debug|iPhoneSimulator.Build.0 = Debug|Any CPU
		{7B7F6ACB-8C86-402C-9860-AA15A1984C7A}.Debug|iPhoneSimulator.Deploy.0 = Debug|Any CPU
		{7B7F6ACB-8C86-402C-9860-AA15A1984C7A}.Release|Any CPU.ActiveCfg = Release|Any CPU
		{7B7F6ACB-8C86-402C-9860-AA15A1984C7A}.Release|Any CPU.Build.0 = Release|Any CPU
		{7B7F6ACB-8C86-402C-9860-AA15A1984C7A}.Release|Any CPU.Deploy.0 = Release|Any CPU
		{7B7F6ACB-8C86-402C-9860-AA15A1984C7A}.Release|iPhone.ActiveCfg = Release|Any CPU
		{7B7F6ACB-8C86-402C-9860-AA15A1984C7A}.Release|iPhone.Build.0 = Release|Any CPU
		{7B7F6ACB-8C86-402C-9860-AA15A1984C7A}.Release|iPhone.Deploy.0 = Release|Any CPU
		{7B7F6ACB-8C86-402C-9860-AA15A1984C7A}.Release|iPhoneSimulator.ActiveCfg = Release|Any CPU
		{7B7F6ACB-8C86-402C-9860-AA15A1984C7A}.Release|iPhoneSimulator.Build.0 = Release|Any CPU
		{7B7F6ACB-8C86-402C-9860-AA15A1984C7A}.Release|iPhoneSimulator.Deploy.0 = Release|Any CPU
		{6A1F27C8-E34B-47A6-B8AB-29852BC7FA34}.Debug|Any CPU.ActiveCfg = Debug|iPhoneSimulator
		{6A1F27C8-E34B-47A6-B8AB-29852BC7FA34}.Debug|Any CPU.Build.0 = Debug|iPhoneSimulator
		{6A1F27C8-E34B-47A6-B8AB-29852BC7FA34}.Debug|Any CPU.Deploy.0 = Debug|iPhoneSimulator
		{6A1F27C8-E34B-47A6-B8AB-29852BC7FA34}.Debug|iPhone.ActiveCfg = Debug|iPhone
		{6A1F27C8-E34B-47A6-B8AB-29852BC7FA34}.Debug|iPhone.Build.0 = Debug|iPhone
		{6A1F27C8-E34B-47A6-B8AB-29852BC7FA34}.Debug|iPhone.Deploy.0 = Debug|iPhone
		{6A1F27C8-E34B-47A6-B8AB-29852BC7FA34}.Debug|iPhoneSimulator.ActiveCfg = Debug|iPhoneSimulator
		{6A1F27C8-E34B-47A6-B8AB-29852BC7FA34}.Debug|iPhoneSimulator.Build.0 = Debug|iPhoneSimulator
		{6A1F27C8-E34B-47A6-B8AB-29852BC7FA34}.Debug|iPhoneSimulator.Deploy.0 = Debug|iPhoneSimulator
		{6A1F27C8-E34B-47A6-B8AB-29852BC7FA34}.Release|Any CPU.ActiveCfg = Release|iPhone
		{6A1F27C8-E34B-47A6-B8AB-29852BC7FA34}.Release|Any CPU.Build.0 = Release|iPhone
		{6A1F27C8-E34B-47A6-B8AB-29852BC7FA34}.Release|Any CPU.Deploy.0 = Release|iPhone
		{6A1F27C8-E34B-47A6-B8AB-29852BC7FA34}.Release|iPhone.ActiveCfg = Release|iPhone
		{6A1F27C8-E34B-47A6-B8AB-29852BC7FA34}.Release|iPhone.Build.0 = Release|iPhone
		{6A1F27C8-E34B-47A6-B8AB-29852BC7FA34}.Release|iPhone.Deploy.0 = Release|iPhone
		{6A1F27C8-E34B-47A6-B8AB-29852BC7FA34}.Release|iPhoneSimulator.ActiveCfg = Release|iPhoneSimulator
		{6A1F27C8-E34B-47A6-B8AB-29852BC7FA34}.Release|iPhoneSimulator.Build.0 = Release|iPhoneSimulator
		{6A1F27C8-E34B-47A6-B8AB-29852BC7FA34}.Release|iPhoneSimulator.Deploy.0 = Release|iPhoneSimulator
		{2CB534FC-E6EE-496F-A817-986D192574BF}.Debug|Any CPU.ActiveCfg = Debug|Any CPU
		{2CB534FC-E6EE-496F-A817-986D192574BF}.Debug|Any CPU.Build.0 = Debug|Any CPU
		{2CB534FC-E6EE-496F-A817-986D192574BF}.Debug|Any CPU.Deploy.0 = Debug|Any CPU
		{2CB534FC-E6EE-496F-A817-986D192574BF}.Debug|iPhone.ActiveCfg = Debug|Any CPU
		{2CB534FC-E6EE-496F-A817-986D192574BF}.Debug|iPhone.Build.0 = Debug|Any CPU
		{2CB534FC-E6EE-496F-A817-986D192574BF}.Debug|iPhone.Deploy.0 = Debug|Any CPU
		{2CB534FC-E6EE-496F-A817-986D192574BF}.Debug|iPhoneSimulator.ActiveCfg = Debug|Any CPU
		{2CB534FC-E6EE-496F-A817-986D192574BF}.Debug|iPhoneSimulator.Build.0 = Debug|Any CPU
		{2CB534FC-E6EE-496F-A817-986D192574BF}.Debug|iPhoneSimulator.Deploy.0 = Debug|Any CPU
		{2CB534FC-E6EE-496F-A817-986D192574BF}.Release|Any CPU.ActiveCfg = Release|Any CPU
		{2CB534FC-E6EE-496F-A817-986D192574BF}.Release|Any CPU.Build.0 = Release|Any CPU
		{2CB534FC-E6EE-496F-A817-986D192574BF}.Release|Any CPU.Deploy.0 = Release|Any CPU
		{2CB534FC-E6EE-496F-A817-986D192574BF}.Release|iPhone.ActiveCfg = Release|Any CPU
		{2CB534FC-E6EE-496F-A817-986D192574BF}.Release|iPhone.Build.0 = Release|Any CPU
		{2CB534FC-E6EE-496F-A817-986D192574BF}.Release|iPhone.Deploy.0 = Release|Any CPU
		{2CB534FC-E6EE-496F-A817-986D192574BF}.Release|iPhoneSimulator.ActiveCfg = Release|Any CPU
		{2CB534FC-E6EE-496F-A817-986D192574BF}.Release|iPhoneSimulator.Build.0 = Release|Any CPU
		{2CB534FC-E6EE-496F-A817-986D192574BF}.Release|iPhoneSimulator.Deploy.0 = Release|Any CPU
	EndGlobalSection
	GlobalSection(SolutionProperties) = preSolution
		HideSolutionNode = FALSE
	EndGlobalSection
	GlobalSection(ExtensibilityGlobals) = postSolution
		SolutionGuid = {C673A5DC-25C8-4133-86D2-C299A89B174F}
	EndGlobalSection
EndGlobal
