
Microsoft Visual Studio Solution File, Format Version 12.00
# Visual Studio Version 16
VisualStudioVersion = 16.0.29709.97
MinimumVisualStudioVersion = 10.0.40219.1
Project("{FAE04EC0-301F-11D3-BF4B-00C04F79EFBC}") = "XForms.Android", "XForms\XForms.Android\XForms.Android.csproj", "{DC8B19ED-4576-4655-BBCB-869C29BACA74}"
EndProject
Project("{FAE04EC0-301F-11D3-BF4B-00C04F79EFBC}") = "XForms.iOS", "XForms\XForms.iOS\XForms.iOS.csproj", "{DB09CEC7-056E-4494-8C47-EF6819D2A7AC}"
EndProject
Project("{FAE04EC0-301F-11D3-BF4B-00C04F79EFBC}") = "XForms", "XForms\XForms\XForms.csproj", "{893302A1-20B8-450C-A917-4BD7A1410265}"
EndProject
Global
	GlobalSection(SolutionConfigurationPlatforms) = preSolution
		Debug|Any CPU = Debug|Any CPU
		Debug|iPhone = Debug|iPhone
		Debug|iPhoneSimulator = Debug|iPhoneSimulator
		Release|Any CPU = Release|Any CPU
		Release|iPhone = Release|iPhone
		Release|iPhoneSimulator = Release|iPhoneSimulator
	EndGlobalSection
	GlobalSection(ProjectConfigurationPlatforms) = postSolution
		{DC8B19ED-4576-4655-BBCB-869C29BACA74}.Debug|Any CPU.ActiveCfg = Debug|Any CPU
		{DC8B19ED-4576-4655-BBCB-869C29BACA74}.Debug|Any CPU.Build.0 = Debug|Any CPU
		{DC8B19ED-4576-4655-BBCB-869C29BACA74}.Debug|Any CPU.Deploy.0 = Debug|Any CPU
		{DC8B19ED-4576-4655-BBCB-869C29BACA74}.Debug|iPhone.ActiveCfg = Debug|Any CPU
		{DC8B19ED-4576-4655-BBCB-869C29BACA74}.Debug|iPhone.Build.0 = Debug|Any CPU
		{DC8B19ED-4576-4655-BBCB-869C29BACA74}.Debug|iPhone.Deploy.0 = Debug|Any CPU
		{DC8B19ED-4576-4655-BBCB-869C29BACA74}.Debug|iPhoneSimulator.ActiveCfg = Debug|Any CPU
		{DC8B19ED-4576-4655-BBCB-869C29BACA74}.Debug|iPhoneSimulator.Build.0 = Debug|Any CPU
		{DC8B19ED-4576-4655-BBCB-869C29BACA74}.Debug|iPhoneSimulator.Deploy.0 = Debug|Any CPU
		{DC8B19ED-4576-4655-BBCB-869C29BACA74}.Release|Any CPU.ActiveCfg = Release|Any CPU
		{DC8B19ED-4576-4655-BBCB-869C29BACA74}.Release|Any CPU.Build.0 = Release|Any CPU
		{DC8B19ED-4576-4655-BBCB-869C29BACA74}.Release|Any CPU.Deploy.0 = Release|Any CPU
		{DC8B19ED-4576-4655-BBCB-869C29BACA74}.Release|iPhone.ActiveCfg = Release|Any CPU
		{DC8B19ED-4576-4655-BBCB-869C29BACA74}.Release|iPhone.Build.0 = Release|Any CPU
		{DC8B19ED-4576-4655-BBCB-869C29BACA74}.Release|iPhone.Deploy.0 = Release|Any CPU
		{DC8B19ED-4576-4655-BBCB-869C29BACA74}.Release|iPhoneSimulator.ActiveCfg = Release|Any CPU
		{DC8B19ED-4576-4655-BBCB-869C29BACA74}.Release|iPhoneSimulator.Build.0 = Release|Any CPU
		{DC8B19ED-4576-4655-BBCB-869C29BACA74}.Release|iPhoneSimulator.Deploy.0 = Release|Any CPU
		{DB09CEC7-056E-4494-8C47-EF6819D2A7AC}.Debug|Any CPU.ActiveCfg = Debug|iPhoneSimulator
		{DB09CEC7-056E-4494-8C47-EF6819D2A7AC}.Debug|Any CPU.Build.0 = Debug|iPhoneSimulator
		{DB09CEC7-056E-4494-8C47-EF6819D2A7AC}.Debug|Any CPU.Deploy.0 = Debug|iPhoneSimulator
		{DB09CEC7-056E-4494-8C47-EF6819D2A7AC}.Debug|iPhone.ActiveCfg = Debug|iPhone
		{DB09CEC7-056E-4494-8C47-EF6819D2A7AC}.Debug|iPhone.Build.0 = Debug|iPhone
		{DB09CEC7-056E-4494-8C47-EF6819D2A7AC}.Debug|iPhone.Deploy.0 = Debug|iPhone
		{DB09CEC7-056E-4494-8C47-EF6819D2A7AC}.Debug|iPhoneSimulator.ActiveCfg = Debug|iPhoneSimulator
		{DB09CEC7-056E-4494-8C47-EF6819D2A7AC}.Debug|iPhoneSimulator.Build.0 = Debug|iPhoneSimulator
		{DB09CEC7-056E-4494-8C47-EF6819D2A7AC}.Debug|iPhoneSimulator.Deploy.0 = Debug|iPhoneSimulator
		{DB09CEC7-056E-4494-8C47-EF6819D2A7AC}.Release|Any CPU.ActiveCfg = Release|iPhone
		{DB09CEC7-056E-4494-8C47-EF6819D2A7AC}.Release|Any CPU.Build.0 = Release|iPhone
		{DB09CEC7-056E-4494-8C47-EF6819D2A7AC}.Release|Any CPU.Deploy.0 = Release|iPhone
		{DB09CEC7-056E-4494-8C47-EF6819D2A7AC}.Release|iPhone.ActiveCfg = Release|iPhone
		{DB09CEC7-056E-4494-8C47-EF6819D2A7AC}.Release|iPhone.Build.0 = Release|iPhone
		{DB09CEC7-056E-4494-8C47-EF6819D2A7AC}.Release|iPhone.Deploy.0 = Release|iPhone
		{DB09CEC7-056E-4494-8C47-EF6819D2A7AC}.Release|iPhoneSimulator.ActiveCfg = Release|iPhoneSimulator
		{DB09CEC7-056E-4494-8C47-EF6819D2A7AC}.Release|iPhoneSimulator.Build.0 = Release|iPhoneSimulator
		{DB09CEC7-056E-4494-8C47-EF6819D2A7AC}.Release|iPhoneSimulator.Deploy.0 = Release|iPhoneSimulator
		{893302A1-20B8-450C-A917-4BD7A1410265}.Debug|Any CPU.ActiveCfg = Debug|Any CPU
		{893302A1-20B8-450C-A917-4BD7A1410265}.Debug|Any CPU.Build.0 = Debug|Any CPU
		{893302A1-20B8-450C-A917-4BD7A1410265}.Debug|Any CPU.Deploy.0 = Debug|Any CPU
		{893302A1-20B8-450C-A917-4BD7A1410265}.Debug|iPhone.ActiveCfg = Debug|Any CPU
		{893302A1-20B8-450C-A917-4BD7A1410265}.Debug|iPhone.Build.0 = Debug|Any CPU
		{893302A1-20B8-450C-A917-4BD7A1410265}.Debug|iPhone.Deploy.0 = Debug|Any CPU
		{893302A1-20B8-450C-A917-4BD7A1410265}.Debug|iPhoneSimulator.ActiveCfg = Debug|Any CPU
		{893302A1-20B8-450C-A917-4BD7A1410265}.Debug|iPhoneSimulator.Build.0 = Debug|Any CPU
		{893302A1-20B8-450C-A917-4BD7A1410265}.Debug|iPhoneSimulator.Deploy.0 = Debug|Any CPU
		{893302A1-20B8-450C-A917-4BD7A1410265}.Release|Any CPU.ActiveCfg = Release|Any CPU
		{893302A1-20B8-450C-A917-4BD7A1410265}.Release|Any CPU.Build.0 = Release|Any CPU
		{893302A1-20B8-450C-A917-4BD7A1410265}.Release|Any CPU.Deploy.0 = Release|Any CPU
		{893302A1-20B8-450C-A917-4BD7A1410265}.Release|iPhone.ActiveCfg = Release|Any CPU
		{893302A1-20B8-450C-A917-4BD7A1410265}.Release|iPhone.Build.0 = Release|Any CPU
		{893302A1-20B8-450C-A917-4BD7A1410265}.Release|iPhone.Deploy.0 = Release|Any CPU
		{893302A1-20B8-450C-A917-4BD7A1410265}.Release|iPhoneSimulator.ActiveCfg = Release|Any CPU
		{893302A1-20B8-450C-A917-4BD7A1410265}.Release|iPhoneSimulator.Build.0 = Release|Any CPU
		{893302A1-20B8-450C-A917-4BD7A1410265}.Release|iPhoneSimulator.Deploy.0 = Release|Any CPU
	EndGlobalSection
	GlobalSection(SolutionProperties) = preSolution
		HideSolutionNode = FALSE
	EndGlobalSection
	GlobalSection(ExtensibilityGlobals) = postSolution
		SolutionGuid = {4173A863-259C-4411-92C7-D783E2644D8E}
	EndGlobalSection
EndGlobal
