
Microsoft Visual Studio Solution File, Format Version 12.00
# Visual Studio Version 16
VisualStudioVersion = 16.0.29806.167
MinimumVisualStudioVersion = 10.0.40219.1
Project("{FAE04EC0-301F-11D3-BF4B-00C04F79EFBC}") = "CopyGram.Android", "CopyGram\CopyGram.Android\CopyGram.Android.csproj", "{79164A43-F2F5-4A64-B20B-ECA9922CEBA4}"
EndProject
Project("{FAE04EC0-301F-11D3-BF4B-00C04F79EFBC}") = "CopyGram.iOS", "CopyGram\CopyGram.iOS\CopyGram.iOS.csproj", "{FF3AE846-7ED2-4CEC-942D-369663866516}"
EndProject
Project("{FAE04EC0-301F-11D3-BF4B-00C04F79EFBC}") = "CopyGram", "CopyGram\CopyGram\CopyGram.csproj", "{885E12AE-BBE9-4318-8C1F-E8A8E8FB8073}"
EndProject
Global
	GlobalSection(SolutionConfigurationPlatforms) = preSolution
		Debug|Any CPU = Debug|Any CPU
		Debug|iPhone = Debug|iPhone
		Debug|iPhoneSimulator = Debug|iPhoneSimulator
		Release|Any CPU = Release|Any CPU
		Release|iPhone = Release|iPhone
		Release|iPhoneSimulator = Release|iPhoneSimulator
	EndGlobalSection
	GlobalSection(ProjectConfigurationPlatforms) = postSolution
		{79164A43-F2F5-4A64-B20B-ECA9922CEBA4}.Debug|Any CPU.ActiveCfg = Debug|Any CPU
		{79164A43-F2F5-4A64-B20B-ECA9922CEBA4}.Debug|Any CPU.Build.0 = Debug|Any CPU
		{79164A43-F2F5-4A64-B20B-ECA9922CEBA4}.Debug|Any CPU.Deploy.0 = Debug|Any CPU
		{79164A43-F2F5-4A64-B20B-ECA9922CEBA4}.Debug|iPhone.ActiveCfg = Debug|Any CPU
		{79164A43-F2F5-4A64-B20B-ECA9922CEBA4}.Debug|iPhone.Build.0 = Debug|Any CPU
		{79164A43-F2F5-4A64-B20B-ECA9922CEBA4}.Debug|iPhone.Deploy.0 = Debug|Any CPU
		{79164A43-F2F5-4A64-B20B-ECA9922CEBA4}.Debug|iPhoneSimulator.ActiveCfg = Debug|Any CPU
		{79164A43-F2F5-4A64-B20B-ECA9922CEBA4}.Debug|iPhoneSimulator.Build.0 = Debug|Any CPU
		{79164A43-F2F5-4A64-B20B-ECA9922CEBA4}.Debug|iPhoneSimulator.Deploy.0 = Debug|Any CPU
		{79164A43-F2F5-4A64-B20B-ECA9922CEBA4}.Release|Any CPU.ActiveCfg = Release|Any CPU
		{79164A43-F2F5-4A64-B20B-ECA9922CEBA4}.Release|Any CPU.Build.0 = Release|Any CPU
		{79164A43-F2F5-4A64-B20B-ECA9922CEBA4}.Release|Any CPU.Deploy.0 = Release|Any CPU
		{79164A43-F2F5-4A64-B20B-ECA9922CEBA4}.Release|iPhone.ActiveCfg = Release|Any CPU
		{79164A43-F2F5-4A64-B20B-ECA9922CEBA4}.Release|iPhone.Build.0 = Release|Any CPU
		{79164A43-F2F5-4A64-B20B-ECA9922CEBA4}.Release|iPhone.Deploy.0 = Release|Any CPU
		{79164A43-F2F5-4A64-B20B-ECA9922CEBA4}.Release|iPhoneSimulator.ActiveCfg = Release|Any CPU
		{79164A43-F2F5-4A64-B20B-ECA9922CEBA4}.Release|iPhoneSimulator.Build.0 = Release|Any CPU
		{79164A43-F2F5-4A64-B20B-ECA9922CEBA4}.Release|iPhoneSimulator.Deploy.0 = Release|Any CPU
		{FF3AE846-7ED2-4CEC-942D-369663866516}.Debug|Any CPU.ActiveCfg = Debug|iPhoneSimulator
		{FF3AE846-7ED2-4CEC-942D-369663866516}.Debug|Any CPU.Build.0 = Debug|iPhoneSimulator
		{FF3AE846-7ED2-4CEC-942D-369663866516}.Debug|Any CPU.Deploy.0 = Debug|iPhoneSimulator
		{FF3AE846-7ED2-4CEC-942D-369663866516}.Debug|iPhone.ActiveCfg = Debug|iPhone
		{FF3AE846-7ED2-4CEC-942D-369663866516}.Debug|iPhone.Build.0 = Debug|iPhone
		{FF3AE846-7ED2-4CEC-942D-369663866516}.Debug|iPhone.Deploy.0 = Debug|iPhone
		{FF3AE846-7ED2-4CEC-942D-369663866516}.Debug|iPhoneSimulator.ActiveCfg = Debug|iPhoneSimulator
		{FF3AE846-7ED2-4CEC-942D-369663866516}.Debug|iPhoneSimulator.Build.0 = Debug|iPhoneSimulator
		{FF3AE846-7ED2-4CEC-942D-369663866516}.Debug|iPhoneSimulator.Deploy.0 = Debug|iPhoneSimulator
		{FF3AE846-7ED2-4CEC-942D-369663866516}.Release|Any CPU.ActiveCfg = Release|iPhone
		{FF3AE846-7ED2-4CEC-942D-369663866516}.Release|Any CPU.Build.0 = Release|iPhone
		{FF3AE846-7ED2-4CEC-942D-369663866516}.Release|Any CPU.Deploy.0 = Release|iPhone
		{FF3AE846-7ED2-4CEC-942D-369663866516}.Release|iPhone.ActiveCfg = Release|iPhone
		{FF3AE846-7ED2-4CEC-942D-369663866516}.Release|iPhone.Build.0 = Release|iPhone
		{FF3AE846-7ED2-4CEC-942D-369663866516}.Release|iPhone.Deploy.0 = Release|iPhone
		{FF3AE846-7ED2-4CEC-942D-369663866516}.Release|iPhoneSimulator.ActiveCfg = Release|iPhoneSimulator
		{FF3AE846-7ED2-4CEC-942D-369663866516}.Release|iPhoneSimulator.Build.0 = Release|iPhoneSimulator
		{FF3AE846-7ED2-4CEC-942D-369663866516}.Release|iPhoneSimulator.Deploy.0 = Release|iPhoneSimulator
		{885E12AE-BBE9-4318-8C1F-E8A8E8FB8073}.Debug|Any CPU.ActiveCfg = Debug|Any CPU
		{885E12AE-BBE9-4318-8C1F-E8A8E8FB8073}.Debug|Any CPU.Build.0 = Debug|Any CPU
		{885E12AE-BBE9-4318-8C1F-E8A8E8FB8073}.Debug|Any CPU.Deploy.0 = Debug|Any CPU
		{885E12AE-BBE9-4318-8C1F-E8A8E8FB8073}.Debug|iPhone.ActiveCfg = Debug|Any CPU
		{885E12AE-BBE9-4318-8C1F-E8A8E8FB8073}.Debug|iPhone.Build.0 = Debug|Any CPU
		{885E12AE-BBE9-4318-8C1F-E8A8E8FB8073}.Debug|iPhone.Deploy.0 = Debug|Any CPU
		{885E12AE-BBE9-4318-8C1F-E8A8E8FB8073}.Debug|iPhoneSimulator.ActiveCfg = Debug|Any CPU
		{885E12AE-BBE9-4318-8C1F-E8A8E8FB8073}.Debug|iPhoneSimulator.Build.0 = Debug|Any CPU
		{885E12AE-BBE9-4318-8C1F-E8A8E8FB8073}.Debug|iPhoneSimulator.Deploy.0 = Debug|Any CPU
		{885E12AE-BBE9-4318-8C1F-E8A8E8FB8073}.Release|Any CPU.ActiveCfg = Release|Any CPU
		{885E12AE-BBE9-4318-8C1F-E8A8E8FB8073}.Release|Any CPU.Build.0 = Release|Any CPU
		{885E12AE-BBE9-4318-8C1F-E8A8E8FB8073}.Release|Any CPU.Deploy.0 = Release|Any CPU
		{885E12AE-BBE9-4318-8C1F-E8A8E8FB8073}.Release|iPhone.ActiveCfg = Release|Any CPU
		{885E12AE-BBE9-4318-8C1F-E8A8E8FB8073}.Release|iPhone.Build.0 = Release|Any CPU
		{885E12AE-BBE9-4318-8C1F-E8A8E8FB8073}.Release|iPhone.Deploy.0 = Release|Any CPU
		{885E12AE-BBE9-4318-8C1F-E8A8E8FB8073}.Release|iPhoneSimulator.ActiveCfg = Release|Any CPU
		{885E12AE-BBE9-4318-8C1F-E8A8E8FB8073}.Release|iPhoneSimulator.Build.0 = Release|Any CPU
		{885E12AE-BBE9-4318-8C1F-E8A8E8FB8073}.Release|iPhoneSimulator.Deploy.0 = Release|Any CPU
	EndGlobalSection
	GlobalSection(SolutionProperties) = preSolution
		HideSolutionNode = FALSE
	EndGlobalSection
	GlobalSection(ExtensibilityGlobals) = postSolution
		SolutionGuid = {4519131F-5B33-4746-86C5-A1E5D5B7A590}
	EndGlobalSection
EndGlobal
