
Microsoft Visual Studio Solution File, Format Version 12.00
# Visual Studio Version 16
VisualStudioVersion = 16.0.29728.190
MinimumVisualStudioVersion = 10.0.40219.1
Project("{FAE04EC0-301F-11D3-BF4B-00C04F79EFBC}") = "SignIn.UWP", "SignIn\SignIn.UWP\SignIn.UWP.csproj", "{38334668-ECDC-4851-A583-315EB0621E4F}"
EndProject
Project("{FAE04EC0-301F-11D3-BF4B-00C04F79EFBC}") = "SignIn.Android", "SignIn\SignIn.Android\SignIn.Android.csproj", "{2D6FDD71-7395-4E66-B904-D18B412AE4B8}"
EndProject
Project("{FAE04EC0-301F-11D3-BF4B-00C04F79EFBC}") = "SignIn.iOS", "SignIn\SignIn.iOS\SignIn.iOS.csproj", "{5386FF7F-8431-4454-9F5A-D5AAF8C5772A}"
EndProject
Project("{FAE04EC0-301F-11D3-BF4B-00C04F79EFBC}") = "SignIn", "SignIn\SignIn\SignIn.csproj", "{898EE637-007B-43C1-B5EA-D61C7C5D6F04}"
EndProject
Global
	GlobalSection(SolutionConfigurationPlatforms) = preSolution
		Debug|Any CPU = Debug|Any CPU
		Debug|ARM = Debug|ARM
		Debug|iPhone = Debug|iPhone
		Debug|iPhoneSimulator = Debug|iPhoneSimulator
		Debug|x64 = Debug|x64
		Debug|x86 = Debug|x86
		Release|Any CPU = Release|Any CPU
		Release|ARM = Release|ARM
		Release|iPhone = Release|iPhone
		Release|iPhoneSimulator = Release|iPhoneSimulator
		Release|x64 = Release|x64
		Release|x86 = Release|x86
	EndGlobalSection
	GlobalSection(ProjectConfigurationPlatforms) = postSolution
		{38334668-ECDC-4851-A583-315EB0621E4F}.Debug|Any CPU.ActiveCfg = Debug|x86
		{38334668-ECDC-4851-A583-315EB0621E4F}.Debug|Any CPU.Build.0 = Debug|x86
		{38334668-ECDC-4851-A583-315EB0621E4F}.Debug|Any CPU.Deploy.0 = Debug|x86
		{38334668-ECDC-4851-A583-315EB0621E4F}.Debug|ARM.ActiveCfg = Debug|ARM
		{38334668-ECDC-4851-A583-315EB0621E4F}.Debug|ARM.Build.0 = Debug|ARM
		{38334668-ECDC-4851-A583-315EB0621E4F}.Debug|ARM.Deploy.0 = Debug|ARM
		{38334668-ECDC-4851-A583-315EB0621E4F}.Debug|iPhone.ActiveCfg = Debug|x86
		{38334668-ECDC-4851-A583-315EB0621E4F}.Debug|iPhone.Build.0 = Debug|x86
		{38334668-ECDC-4851-A583-315EB0621E4F}.Debug|iPhone.Deploy.0 = Debug|x86
		{38334668-ECDC-4851-A583-315EB0621E4F}.Debug|iPhoneSimulator.ActiveCfg = Debug|x86
		{38334668-ECDC-4851-A583-315EB0621E4F}.Debug|iPhoneSimulator.Build.0 = Debug|x86
		{38334668-ECDC-4851-A583-315EB0621E4F}.Debug|iPhoneSimulator.Deploy.0 = Debug|x86
		{38334668-ECDC-4851-A583-315EB0621E4F}.Debug|x64.ActiveCfg = Debug|x64
		{38334668-ECDC-4851-A583-315EB0621E4F}.Debug|x64.Build.0 = Debug|x64
		{38334668-ECDC-4851-A583-315EB0621E4F}.Debug|x64.Deploy.0 = Debug|x64
		{38334668-ECDC-4851-A583-315EB0621E4F}.Debug|x86.ActiveCfg = Debug|x86
		{38334668-ECDC-4851-A583-315EB0621E4F}.Debug|x86.Build.0 = Debug|x86
		{38334668-ECDC-4851-A583-315EB0621E4F}.Debug|x86.Deploy.0 = Debug|x86
		{38334668-ECDC-4851-A583-315EB0621E4F}.Release|Any CPU.ActiveCfg = Release|x86
		{38334668-ECDC-4851-A583-315EB0621E4F}.Release|Any CPU.Build.0 = Release|x86
		{38334668-ECDC-4851-A583-315EB0621E4F}.Release|Any CPU.Deploy.0 = Release|x86
		{38334668-ECDC-4851-A583-315EB0621E4F}.Release|ARM.ActiveCfg = Release|ARM
		{38334668-ECDC-4851-A583-315EB0621E4F}.Release|ARM.Build.0 = Release|ARM
		{38334668-ECDC-4851-A583-315EB0621E4F}.Release|ARM.Deploy.0 = Release|ARM
		{38334668-ECDC-4851-A583-315EB0621E4F}.Release|iPhone.ActiveCfg = Release|x86
		{38334668-ECDC-4851-A583-315EB0621E4F}.Release|iPhone.Build.0 = Release|x86
		{38334668-ECDC-4851-A583-315EB0621E4F}.Release|iPhone.Deploy.0 = Release|x86
		{38334668-ECDC-4851-A583-315EB0621E4F}.Release|iPhoneSimulator.ActiveCfg = Release|x86
		{38334668-ECDC-4851-A583-315EB0621E4F}.Release|iPhoneSimulator.Build.0 = Release|x86
		{38334668-ECDC-4851-A583-315EB0621E4F}.Release|iPhoneSimulator.Deploy.0 = Release|x86
		{38334668-ECDC-4851-A583-315EB0621E4F}.Release|x64.ActiveCfg = Release|x64
		{38334668-ECDC-4851-A583-315EB0621E4F}.Release|x64.Build.0 = Release|x64
		{38334668-ECDC-4851-A583-315EB0621E4F}.Release|x64.Deploy.0 = Release|x64
		{38334668-ECDC-4851-A583-315EB0621E4F}.Release|x86.ActiveCfg = Release|x86
		{38334668-ECDC-4851-A583-315EB0621E4F}.Release|x86.Build.0 = Release|x86
		{38334668-ECDC-4851-A583-315EB0621E4F}.Release|x86.Deploy.0 = Release|x86
		{2D6FDD71-7395-4E66-B904-D18B412AE4B8}.Debug|Any CPU.ActiveCfg = Debug|Any CPU
		{2D6FDD71-7395-4E66-B904-D18B412AE4B8}.Debug|Any CPU.Build.0 = Debug|Any CPU
		{2D6FDD71-7395-4E66-B904-D18B412AE4B8}.Debug|Any CPU.Deploy.0 = Debug|Any CPU
		{2D6FDD71-7395-4E66-B904-D18B412AE4B8}.Debug|ARM.ActiveCfg = Debug|Any CPU
		{2D6FDD71-7395-4E66-B904-D18B412AE4B8}.Debug|ARM.Build.0 = Debug|Any CPU
		{2D6FDD71-7395-4E66-B904-D18B412AE4B8}.Debug|ARM.Deploy.0 = Debug|Any CPU
		{2D6FDD71-7395-4E66-B904-D18B412AE4B8}.Debug|iPhone.ActiveCfg = Debug|Any CPU
		{2D6FDD71-7395-4E66-B904-D18B412AE4B8}.Debug|iPhone.Build.0 = Debug|Any CPU
		{2D6FDD71-7395-4E66-B904-D18B412AE4B8}.Debug|iPhone.Deploy.0 = Debug|Any CPU
		{2D6FDD71-7395-4E66-B904-D18B412AE4B8}.Debug|iPhoneSimulator.ActiveCfg = Debug|Any CPU
		{2D6FDD71-7395-4E66-B904-D18B412AE4B8}.Debug|iPhoneSimulator.Build.0 = Debug|Any CPU
		{2D6FDD71-7395-4E66-B904-D18B412AE4B8}.Debug|iPhoneSimulator.Deploy.0 = Debug|Any CPU
		{2D6FDD71-7395-4E66-B904-D18B412AE4B8}.Debug|x64.ActiveCfg = Debug|Any CPU
		{2D6FDD71-7395-4E66-B904-D18B412AE4B8}.Debug|x64.Build.0 = Debug|Any CPU
		{2D6FDD71-7395-4E66-B904-D18B412AE4B8}.Debug|x64.Deploy.0 = Debug|Any CPU
		{2D6FDD71-7395-4E66-B904-D18B412AE4B8}.Debug|x86.ActiveCfg = Debug|Any CPU
		{2D6FDD71-7395-4E66-B904-D18B412AE4B8}.Debug|x86.Build.0 = Debug|Any CPU
		{2D6FDD71-7395-4E66-B904-D18B412AE4B8}.Debug|x86.Deploy.0 = Debug|Any CPU
		{2D6FDD71-7395-4E66-B904-D18B412AE4B8}.Release|Any CPU.ActiveCfg = Release|Any CPU
		{2D6FDD71-7395-4E66-B904-D18B412AE4B8}.Release|Any CPU.Build.0 = Release|Any CPU
		{2D6FDD71-7395-4E66-B904-D18B412AE4B8}.Release|Any CPU.Deploy.0 = Release|Any CPU
		{2D6FDD71-7395-4E66-B904-D18B412AE4B8}.Release|ARM.ActiveCfg = Release|Any CPU
		{2D6FDD71-7395-4E66-B904-D18B412AE4B8}.Release|ARM.Build.0 = Release|Any CPU
		{2D6FDD71-7395-4E66-B904-D18B412AE4B8}.Release|ARM.Deploy.0 = Release|Any CPU
		{2D6FDD71-7395-4E66-B904-D18B412AE4B8}.Release|iPhone.ActiveCfg = Release|Any CPU
		{2D6FDD71-7395-4E66-B904-D18B412AE4B8}.Release|iPhone.Build.0 = Release|Any CPU
		{2D6FDD71-7395-4E66-B904-D18B412AE4B8}.Release|iPhone.Deploy.0 = Release|Any CPU
		{2D6FDD71-7395-4E66-B904-D18B412AE4B8}.Release|iPhoneSimulator.ActiveCfg = Release|Any CPU
		{2D6FDD71-7395-4E66-B904-D18B412AE4B8}.Release|iPhoneSimulator.Build.0 = Release|Any CPU
		{2D6FDD71-7395-4E66-B904-D18B412AE4B8}.Release|iPhoneSimulator.Deploy.0 = Release|Any CPU
		{2D6FDD71-7395-4E66-B904-D18B412AE4B8}.Release|x64.ActiveCfg = Release|Any CPU
		{2D6FDD71-7395-4E66-B904-D18B412AE4B8}.Release|x64.Build.0 = Release|Any CPU
		{2D6FDD71-7395-4E66-B904-D18B412AE4B8}.Release|x64.Deploy.0 = Release|Any CPU
		{2D6FDD71-7395-4E66-B904-D18B412AE4B8}.Release|x86.ActiveCfg = Release|Any CPU
		{2D6FDD71-7395-4E66-B904-D18B412AE4B8}.Release|x86.Build.0 = Release|Any CPU
		{2D6FDD71-7395-4E66-B904-D18B412AE4B8}.Release|x86.Deploy.0 = Release|Any CPU
		{5386FF7F-8431-4454-9F5A-D5AAF8C5772A}.Debug|Any CPU.ActiveCfg = Debug|iPhone
		{5386FF7F-8431-4454-9F5A-D5AAF8C5772A}.Debug|Any CPU.Build.0 = Debug|iPhone
		{5386FF7F-8431-4454-9F5A-D5AAF8C5772A}.Debug|Any CPU.Deploy.0 = Debug|iPhone
		{5386FF7F-8431-4454-9F5A-D5AAF8C5772A}.Debug|ARM.ActiveCfg = Debug|iPhoneSimulator
		{5386FF7F-8431-4454-9F5A-D5AAF8C5772A}.Debug|ARM.Build.0 = Debug|iPhoneSimulator
		{5386FF7F-8431-4454-9F5A-D5AAF8C5772A}.Debug|ARM.Deploy.0 = Debug|iPhoneSimulator
		{5386FF7F-8431-4454-9F5A-D5AAF8C5772A}.Debug|iPhone.ActiveCfg = Debug|iPhone
		{5386FF7F-8431-4454-9F5A-D5AAF8C5772A}.Debug|iPhone.Build.0 = Debug|iPhone
		{5386FF7F-8431-4454-9F5A-D5AAF8C5772A}.Debug|iPhone.Deploy.0 = Debug|iPhone
		{5386FF7F-8431-4454-9F5A-D5AAF8C5772A}.Debug|iPhoneSimulator.ActiveCfg = Debug|iPhoneSimulator
		{5386FF7F-8431-4454-9F5A-D5AAF8C5772A}.Debug|iPhoneSimulator.Build.0 = Debug|iPhoneSimulator
		{5386FF7F-8431-4454-9F5A-D5AAF8C5772A}.Debug|iPhoneSimulator.Deploy.0 = Debug|iPhoneSimulator
		{5386FF7F-8431-4454-9F5A-D5AAF8C5772A}.Debug|x64.ActiveCfg = Debug|iPhone
		{5386FF7F-8431-4454-9F5A-D5AAF8C5772A}.Debug|x64.Build.0 = Debug|iPhone
		{5386FF7F-8431-4454-9F5A-D5AAF8C5772A}.Debug|x64.Deploy.0 = Debug|iPhone
		{5386FF7F-8431-4454-9F5A-D5AAF8C5772A}.Debug|x86.ActiveCfg = Debug|iPhone
		{5386FF7F-8431-4454-9F5A-D5AAF8C5772A}.Debug|x86.Build.0 = Debug|iPhone
		{5386FF7F-8431-4454-9F5A-D5AAF8C5772A}.Debug|x86.Deploy.0 = Debug|iPhone
		{5386FF7F-8431-4454-9F5A-D5AAF8C5772A}.Release|Any CPU.ActiveCfg = Release|iPhone
		{5386FF7F-8431-4454-9F5A-D5AAF8C5772A}.Release|Any CPU.Build.0 = Release|iPhone
		{5386FF7F-8431-4454-9F5A-D5AAF8C5772A}.Release|Any CPU.Deploy.0 = Release|iPhone
		{5386FF7F-8431-4454-9F5A-D5AAF8C5772A}.Release|ARM.ActiveCfg = Release|iPhone
		{5386FF7F-8431-4454-9F5A-D5AAF8C5772A}.Release|ARM.Build.0 = Release|iPhone
		{5386FF7F-8431-4454-9F5A-D5AAF8C5772A}.Release|ARM.Deploy.0 = Release|iPhone
		{5386FF7F-8431-4454-9F5A-D5AAF8C5772A}.Release|iPhone.ActiveCfg = Release|iPhone
		{5386FF7F-8431-4454-9F5A-D5AAF8C5772A}.Release|iPhone.Build.0 = Release|iPhone
		{5386FF7F-8431-4454-9F5A-D5AAF8C5772A}.Release|iPhone.Deploy.0 = Release|iPhone
		{5386FF7F-8431-4454-9F5A-D5AAF8C5772A}.Release|iPhoneSimulator.ActiveCfg = Release|iPhoneSimulator
		{5386FF7F-8431-4454-9F5A-D5AAF8C5772A}.Release|iPhoneSimulator.Build.0 = Release|iPhoneSimulator
		{5386FF7F-8431-4454-9F5A-D5AAF8C5772A}.Release|iPhoneSimulator.Deploy.0 = Release|iPhoneSimulator
		{5386FF7F-8431-4454-9F5A-D5AAF8C5772A}.Release|x64.ActiveCfg = Release|iPhone
		{5386FF7F-8431-4454-9F5A-D5AAF8C5772A}.Release|x64.Build.0 = Release|iPhone
		{5386FF7F-8431-4454-9F5A-D5AAF8C5772A}.Release|x64.Deploy.0 = Release|iPhone
		{5386FF7F-8431-4454-9F5A-D5AAF8C5772A}.Release|x86.ActiveCfg = Release|iPhone
		{5386FF7F-8431-4454-9F5A-D5AAF8C5772A}.Release|x86.Build.0 = Release|iPhone
		{5386FF7F-8431-4454-9F5A-D5AAF8C5772A}.Release|x86.Deploy.0 = Release|iPhone
		{898EE637-007B-43C1-B5EA-D61C7C5D6F04}.Debug|Any CPU.ActiveCfg = Debug|Any CPU
		{898EE637-007B-43C1-B5EA-D61C7C5D6F04}.Debug|Any CPU.Build.0 = Debug|Any CPU
		{898EE637-007B-43C1-B5EA-D61C7C5D6F04}.Debug|Any CPU.Deploy.0 = Debug|Any CPU
		{898EE637-007B-43C1-B5EA-D61C7C5D6F04}.Debug|ARM.ActiveCfg = Debug|Any CPU
		{898EE637-007B-43C1-B5EA-D61C7C5D6F04}.Debug|ARM.Build.0 = Debug|Any CPU
		{898EE637-007B-43C1-B5EA-D61C7C5D6F04}.Debug|ARM.Deploy.0 = Debug|Any CPU
		{898EE637-007B-43C1-B5EA-D61C7C5D6F04}.Debug|iPhone.ActiveCfg = Debug|Any CPU
		{898EE637-007B-43C1-B5EA-D61C7C5D6F04}.Debug|iPhone.Build.0 = Debug|Any CPU
		{898EE637-007B-43C1-B5EA-D61C7C5D6F04}.Debug|iPhone.Deploy.0 = Debug|Any CPU
		{898EE637-007B-43C1-B5EA-D61C7C5D6F04}.Debug|iPhoneSimulator.ActiveCfg = Debug|Any CPU
		{898EE637-007B-43C1-B5EA-D61C7C5D6F04}.Debug|iPhoneSimulator.Build.0 = Debug|Any CPU
		{898EE637-007B-43C1-B5EA-D61C7C5D6F04}.Debug|iPhoneSimulator.Deploy.0 = Debug|Any CPU
		{898EE637-007B-43C1-B5EA-D61C7C5D6F04}.Debug|x64.ActiveCfg = Debug|Any CPU
		{898EE637-007B-43C1-B5EA-D61C7C5D6F04}.Debug|x64.Build.0 = Debug|Any CPU
		{898EE637-007B-43C1-B5EA-D61C7C5D6F04}.Debug|x64.Deploy.0 = Debug|Any CPU
		{898EE637-007B-43C1-B5EA-D61C7C5D6F04}.Debug|x86.ActiveCfg = Debug|Any CPU
		{898EE637-007B-43C1-B5EA-D61C7C5D6F04}.Debug|x86.Build.0 = Debug|Any CPU
		{898EE637-007B-43C1-B5EA-D61C7C5D6F04}.Debug|x86.Deploy.0 = Debug|Any CPU
		{898EE637-007B-43C1-B5EA-D61C7C5D6F04}.Release|Any CPU.ActiveCfg = Release|Any CPU
		{898EE637-007B-43C1-B5EA-D61C7C5D6F04}.Release|Any CPU.Build.0 = Release|Any CPU
		{898EE637-007B-43C1-B5EA-D61C7C5D6F04}.Release|Any CPU.Deploy.0 = Release|Any CPU
		{898EE637-007B-43C1-B5EA-D61C7C5D6F04}.Release|ARM.ActiveCfg = Release|Any CPU
		{898EE637-007B-43C1-B5EA-D61C7C5D6F04}.Release|ARM.Build.0 = Release|Any CPU
		{898EE637-007B-43C1-B5EA-D61C7C5D6F04}.Release|ARM.Deploy.0 = Release|Any CPU
		{898EE637-007B-43C1-B5EA-D61C7C5D6F04}.Release|iPhone.ActiveCfg = Release|Any CPU
		{898EE637-007B-43C1-B5EA-D61C7C5D6F04}.Release|iPhone.Build.0 = Release|Any CPU
		{898EE637-007B-43C1-B5EA-D61C7C5D6F04}.Release|iPhone.Deploy.0 = Release|Any CPU
		{898EE637-007B-43C1-B5EA-D61C7C5D6F04}.Release|iPhoneSimulator.ActiveCfg = Release|Any CPU
		{898EE637-007B-43C1-B5EA-D61C7C5D6F04}.Release|iPhoneSimulator.Build.0 = Release|Any CPU
		{898EE637-007B-43C1-B5EA-D61C7C5D6F04}.Release|iPhoneSimulator.Deploy.0 = Release|Any CPU
		{898EE637-007B-43C1-B5EA-D61C7C5D6F04}.Release|x64.ActiveCfg = Release|Any CPU
		{898EE637-007B-43C1-B5EA-D61C7C5D6F04}.Release|x64.Build.0 = Release|Any CPU
		{898EE637-007B-43C1-B5EA-D61C7C5D6F04}.Release|x64.Deploy.0 = Release|Any CPU
		{898EE637-007B-43C1-B5EA-D61C7C5D6F04}.Release|x86.ActiveCfg = Release|Any CPU
		{898EE637-007B-43C1-B5EA-D61C7C5D6F04}.Release|x86.Build.0 = Release|Any CPU
		{898EE637-007B-43C1-B5EA-D61C7C5D6F04}.Release|x86.Deploy.0 = Release|Any CPU
	EndGlobalSection
	GlobalSection(SolutionProperties) = preSolution
		HideSolutionNode = FALSE
	EndGlobalSection
	GlobalSection(ExtensibilityGlobals) = postSolution
		SolutionGuid = {89DCC479-A5C0-468F-AD1D-886250F341EE}
	EndGlobalSection
EndGlobal
